
Microsoft Visual Studio Solution File, Format Version 12.00
# Visual Studio Version 16
VisualStudioVersion = 16.0.30011.22
MinimumVisualStudioVersion = 10.0.40219.1
Project("{FAE04EC0-301F-11D3-BF4B-00C04F79EFBC}") = "RestaurantApp", "RestaurantApp\RestaurantApp.csproj", "{869A9C3F-7BD0-43E2-9407-09DC68AE3B29}"
EndProject
Global
	GlobalSection(SolutionConfigurationPlatforms) = preSolution
		Debug|Any CPU = Debug|Any CPU
		Release|Any CPU = Release|Any CPU
	EndGlobalSection
	GlobalSection(ProjectConfigurationPlatforms) = postSolution
		{869A9C3F-7BD0-43E2-9407-09DC68AE3B29}.Debug|Any CPU.ActiveCfg = Debug|Any CPU
		{869A9C3F-7BD0-43E2-9407-09DC68AE3B29}.Debug|Any CPU.Build.0 = Debug|Any CPU
		{869A9C3F-7BD0-43E2-9407-09DC68AE3B29}.Release|Any CPU.ActiveCfg = Release|Any CPU
		{869A9C3F-7BD0-43E2-9407-09DC68AE3B29}.Release|Any CPU.Build.0 = Release|Any CPU
	EndGlobalSection
	GlobalSection(SolutionProperties) = preSolution
		HideSolutionNode = FALSE
	EndGlobalSection
	GlobalSection(ExtensibilityGlobals) = postSolution
		SolutionGuid = {989B55D3-A6AB-4584-9778-4F2FB6A6FA46}
	EndGlobalSection
EndGlobal
